
Microsoft Visual Studio Solution File, Format Version 12.00
# Visual Studio Version 17
VisualStudioVersion = 17.9.34607.119
MinimumVisualStudioVersion = 10.0.40219.1
Project("{FAE04EC0-301F-11D3-BF4B-00C04F79EFBC}") = "Location de voiture", "Location de voiture\Location de voiture.csproj", "{0D529E73-6070-46A8-90F5-0C0B6261F306}"
EndProject
Global
	GlobalSection(SolutionConfigurationPlatforms) = preSolution
		Debug|Any CPU = Debug|Any CPU
		Release|Any CPU = Release|Any CPU
	EndGlobalSection
	GlobalSection(ProjectConfigurationPlatforms) = postSolution
		{0D529E73-6070-46A8-90F5-0C0B6261F306}.Debug|Any CPU.ActiveCfg = Debug|Any CPU
		{0D529E73-6070-46A8-90F5-0C0B6261F306}.Debug|Any CPU.Build.0 = Debug|Any CPU
		{0D529E73-6070-46A8-90F5-0C0B6261F306}.Release|Any CPU.ActiveCfg = Release|Any CPU
		{0D529E73-6070-46A8-90F5-0C0B6261F306}.Release|Any CPU.Build.0 = Release|Any CPU
	EndGlobalSection
	GlobalSection(SolutionProperties) = preSolution
		HideSolutionNode = FALSE
	EndGlobalSection
	GlobalSection(ExtensibilityGlobals) = postSolution
		SolutionGuid = {48F4E19D-ADF3-4BA2-A72E-54AFBA0ED0E6}
	EndGlobalSection
EndGlobal
